
Microsoft Visual Studio Solution File, Format Version 12.00
# Visual Studio Version 17
VisualStudioVersion = 17.7.34202.233
MinimumVisualStudioVersion = 10.0.40219.1
Project("{FAE04EC0-301F-11D3-BF4B-00C04F79EFBC}") = "Calculator-12-10-2023", "Calculator-12-10-2023.csproj", "{0371EF6D-7563-4480-BD87-32F8B3436EFE}"
EndProject
Global
	GlobalSection(SolutionConfigurationPlatforms) = preSolution
		Debug|Any CPU = Debug|Any CPU
		Release|Any CPU = Release|Any CPU
	EndGlobalSection
	GlobalSection(ProjectConfigurationPlatforms) = postSolution
		{0371EF6D-7563-4480-BD87-32F8B3436EFE}.Debug|Any CPU.ActiveCfg = Debug|Any CPU
		{0371EF6D-7563-4480-BD87-32F8B3436EFE}.Debug|Any CPU.Build.0 = Debug|Any CPU
		{0371EF6D-7563-4480-BD87-32F8B3436EFE}.Release|Any CPU.ActiveCfg = Release|Any CPU
		{0371EF6D-7563-4480-BD87-32F8B3436EFE}.Release|Any CPU.Build.0 = Release|Any CPU
	EndGlobalSection
	GlobalSection(SolutionProperties) = preSolution
		HideSolutionNode = FALSE
	EndGlobalSection
	GlobalSection(ExtensibilityGlobals) = postSolution
		SolutionGuid = {37E416DF-9992-447C-82D1-6D45F74AEBCB}
	EndGlobalSection
EndGlobal
