
Microsoft Visual Studio Solution File, Format Version 12.00
Project("{FAE04EC0-301F-11D3-BF4B-00C04F79EFBC}") = "29-08-2023-second", "29-08-2023-second\29-08-2023-second.csproj", "{4CD2D5AC-053A-498E-9313-467330A673F6}"
EndProject
Global
	GlobalSection(SolutionConfigurationPlatforms) = preSolution
		Debug|Any CPU = Debug|Any CPU
		Release|Any CPU = Release|Any CPU
	EndGlobalSection
	GlobalSection(ProjectConfigurationPlatforms) = postSolution
		{4CD2D5AC-053A-498E-9313-467330A673F6}.Debug|Any CPU.ActiveCfg = Debug|Any CPU
		{4CD2D5AC-053A-498E-9313-467330A673F6}.Debug|Any CPU.Build.0 = Debug|Any CPU
		{4CD2D5AC-053A-498E-9313-467330A673F6}.Release|Any CPU.ActiveCfg = Release|Any CPU
		{4CD2D5AC-053A-498E-9313-467330A673F6}.Release|Any CPU.Build.0 = Release|Any CPU
	EndGlobalSection
EndGlobal
