
Microsoft Visual Studio Solution File, Format Version 12.00
Project("{FAE04EC0-301F-11D3-BF4B-00C04F79EFBC}") = "12-01-2024", "12-01-2024.csproj", "{8D42A6CE-4A8E-4A3F-B276-C3AB594ADACD}"
EndProject
Global
	GlobalSection(SolutionConfigurationPlatforms) = preSolution
		Debug|Any CPU = Debug|Any CPU
		Release|Any CPU = Release|Any CPU
	EndGlobalSection
	GlobalSection(ProjectConfigurationPlatforms) = postSolution
		{8D42A6CE-4A8E-4A3F-B276-C3AB594ADACD}.Debug|Any CPU.ActiveCfg = Debug|Any CPU
		{8D42A6CE-4A8E-4A3F-B276-C3AB594ADACD}.Debug|Any CPU.Build.0 = Debug|Any CPU
		{8D42A6CE-4A8E-4A3F-B276-C3AB594ADACD}.Release|Any CPU.ActiveCfg = Release|Any CPU
		{8D42A6CE-4A8E-4A3F-B276-C3AB594ADACD}.Release|Any CPU.Build.0 = Release|Any CPU
	EndGlobalSection
EndGlobal
