
Microsoft Visual Studio Solution File, Format Version 12.00
Project("{FAE04EC0-301F-11D3-BF4B-00C04F79EFBC}") = "HW-31-08-2023", "HW-31-08-2023\HW-31-08-2023.csproj", "{2284F284-48DE-47D9-B2F1-8690731E6224}"
EndProject
Global
	GlobalSection(SolutionConfigurationPlatforms) = preSolution
		Debug|Any CPU = Debug|Any CPU
		Release|Any CPU = Release|Any CPU
	EndGlobalSection
	GlobalSection(ProjectConfigurationPlatforms) = postSolution
		{2284F284-48DE-47D9-B2F1-8690731E6224}.Debug|Any CPU.ActiveCfg = Debug|Any CPU
		{2284F284-48DE-47D9-B2F1-8690731E6224}.Debug|Any CPU.Build.0 = Debug|Any CPU
		{2284F284-48DE-47D9-B2F1-8690731E6224}.Release|Any CPU.ActiveCfg = Release|Any CPU
		{2284F284-48DE-47D9-B2F1-8690731E6224}.Release|Any CPU.Build.0 = Release|Any CPU
	EndGlobalSection
EndGlobal
